{
  "lockfile_version": "1",
  "packages": {
    "espeak-ng@1.51": {
      "last_modified": "2023-02-24T09:01:09Z",
      "resolved": "github:NixOS/nixpkgs/7d0ed7f2e5aea07ab22ccb338d27fbe347ed2f11#espeak-ng",
      "source": "devbox-search",
      "version": "1.51",
      "systems": {
        "x86_64-linux": {
          "outputs": [
            {
              "path": "/nix/store/v6iyclq4g7rfpqq5mdfd7dlp89y3mh6m-espeak-ng-1.51",
              "default": true
            }
          ]
        }
      }
    },
    "github:NixOS/nixpkgs/nixpkgs-unstable": {
      "last_modified": "2025-09-13T06:53:53Z",
      "resolved": "github:NixOS/nixpkgs/6d7ec06d6868ac6d94c371458fc2391ded9ff13d?lastModified=1757746433&narHash=sha256-fEvTiU4s9lWgW7mYEU%2F1QUPirgkn%2BodUBTaindgiziY%3D"
    },
    "markdownlint-cli2@0.18.1": {
      "last_modified": "2025-07-28T17:09:23Z",
      "resolved": "github:NixOS/nixpkgs/648f70160c03151bc2121d179291337ad6bc564b#markdownlint-cli2",
      "source": "devbox-search",
      "version": "0.18.1",
      "systems": {
        "aarch64-darwin": {
          "outputs": [
            {
              "name": "out",
              "path": "/nix/store/rad4wkhzynh5b54q96z823jc8z267b6z-markdownlint-cli2-0.18.1",
              "default": true
            }
          ],
          "store_path": "/nix/store/rad4wkhzynh5b54q96z823jc8z267b6z-markdownlint-cli2-0.18.1"
        },
        "aarch64-linux": {
          "outputs": [
            {
              "name": "out",
              "path": "/nix/store/i55p3yw0lcg6q98igb302nsydi6c54mk-markdownlint-cli2-0.18.1",
              "default": true
            }
          ],
          "store_path": "/nix/store/i55p3yw0lcg6q98igb302nsydi6c54mk-markdownlint-cli2-0.18.1"
        },
        "x86_64-darwin": {
          "outputs": [
            {
              "name": "out",
              "path": "/nix/store/rrh4258zxzbam316wa6wwg3vimillvp3-markdownlint-cli2-0.18.1",
              "default": true
            }
          ],
          "store_path": "/nix/store/rrh4258zxzbam316wa6wwg3vimillvp3-markdownlint-cli2-0.18.1"
        },
        "x86_64-linux": {
          "outputs": [
            {
              "name": "out",
              "path": "/nix/store/b9mmdi9pw8h2q0ygyr7cx573zcc3mdxa-markdownlint-cli2-0.18.1",
              "default": true
            }
          ],
          "store_path": "/nix/store/b9mmdi9pw8h2q0ygyr7cx573zcc3mdxa-markdownlint-cli2-0.18.1"
        }
      }
    },
    "nushell@0.106.1": {
      "last_modified": "2025-07-31T04:07:16Z",
      "resolved": "github:NixOS/nixpkgs/8679b16e11becd487b45d568358ddf9d5640d860#nushell",
      "source": "devbox-search",
      "version": "0.106.1",
      "systems": {
        "aarch64-darwin": {
          "outputs": [
            {
              "name": "out",
              "path": "/nix/store/vs83xcd5w2fp4zbiph6cv2pbdck8q5xr-nushell-0.106.1",
              "default": true
            }
          ],
          "store_path": "/nix/store/vs83xcd5w2fp4zbiph6cv2pbdck8q5xr-nushell-0.106.1"
        },
        "aarch64-linux": {
          "outputs": [
            {
              "name": "out",
              "path": "/nix/store/cq6x30n4i319wxzjxa9smz64i8hr6q0w-nushell-0.106.1",
              "default": true
            }
          ],
          "store_path": "/nix/store/cq6x30n4i319wxzjxa9smz64i8hr6q0w-nushell-0.106.1"
        },
        "x86_64-darwin": {
          "outputs": [
            {
              "name": "out",
              "path": "/nix/store/jqy13fjyrih2x9jfp0hcd2f47c7pfys1-nushell-0.106.1",
              "default": true
            }
          ],
          "store_path": "/nix/store/jqy13fjyrih2x9jfp0hcd2f47c7pfys1-nushell-0.106.1"
        },
        "x86_64-linux": {
          "outputs": [
            {
              "name": "out",
              "path": "/nix/store/pikr2lds8w3shnsq0l1f7aamlmvsi0i3-nushell-0.106.1",
              "default": true
            }
          ],
          "store_path": "/nix/store/pikr2lds8w3shnsq0l1f7aamlmvsi0i3-nushell-0.106.1"
        }
      }
    },
    "trivy@0.66.0": {
      "last_modified": "2025-09-18T16:33:27Z",
      "resolved": "github:NixOS/nixpkgs/f4b140d5b253f5e2a1ff4e5506edbf8267724bde#trivy",
      "source": "devbox-search",
      "version": "0.66.0",
      "systems": {
        "aarch64-darwin": {
          "outputs": [
            {
              "name": "out",
              "path": "/nix/store/ylas39327v0qzdnjga71xxzmy2r9fxhs-trivy-0.66.0",
              "default": true
            }
          ],
          "store_path": "/nix/store/ylas39327v0qzdnjga71xxzmy2r9fxhs-trivy-0.66.0"
        },
        "aarch64-linux": {
          "outputs": [
            {
              "name": "out",
              "path": "/nix/store/ddrbalr87jk0i8pvrsy4d9ywhgl53riq-trivy-0.66.0",
              "default": true
            }
          ],
          "store_path": "/nix/store/ddrbalr87jk0i8pvrsy4d9ywhgl53riq-trivy-0.66.0"
        },
        "x86_64-darwin": {
          "outputs": [
            {
              "name": "out",
              "path": "/nix/store/mrjkf7f97b7yip322yvb9sms4bv8n3xp-trivy-0.66.0",
              "default": true
            }
          ],
          "store_path": "/nix/store/mrjkf7f97b7yip322yvb9sms4bv8n3xp-trivy-0.66.0"
        },
        "x86_64-linux": {
          "outputs": [
            {
              "name": "out",
              "path": "/nix/store/vfbicvbmwkglp45g07pw4jgg6bc37g6v-trivy-0.66.0",
              "default": true
            }
          ],
          "store_path": "/nix/store/vfbicvbmwkglp45g07pw4jgg6bc37g6v-trivy-0.66.0"
        }
      }
    },
    "uv@0.8.14": {
      "last_modified": "2025-09-18T16:33:27Z",
      "resolved": "github:NixOS/nixpkgs/f4b140d5b253f5e2a1ff4e5506edbf8267724bde#uv",
      "source": "devbox-search",
      "version": "0.8.14",
      "systems": {
        "aarch64-darwin": {
          "outputs": [
            {
              "name": "out",
              "path": "/nix/store/jvsjlmb0h8kfflmr1fjqaqvv8znp99pr-uv-0.8.14",
              "default": true
            }
          ],
          "store_path": "/nix/store/jvsjlmb0h8kfflmr1fjqaqvv8znp99pr-uv-0.8.14"
        },
        "aarch64-linux": {
          "outputs": [
            {
              "name": "out",
              "path": "/nix/store/3yyvvd9k79im73nsafnrqqadi7ln7lgd-uv-0.8.14",
              "default": true
            }
          ],
          "store_path": "/nix/store/3yyvvd9k79im73nsafnrqqadi7ln7lgd-uv-0.8.14"
        },
        "x86_64-darwin": {
          "outputs": [
            {
              "name": "out",
              "path": "/nix/store/lsl4wjgvsfvka6dm0lirlgpfks3r9937-uv-0.8.14",
              "default": true
            }
          ],
          "store_path": "/nix/store/lsl4wjgvsfvka6dm0lirlgpfks3r9937-uv-0.8.14"
        },
        "x86_64-linux": {
          "outputs": [
            {
              "name": "out",
              "path": "/nix/store/d4klvr31w9qc9qpypwaxmz6f9xy3339y-uv-0.8.14",
              "default": true
            }
          ],
          "store_path": "/nix/store/d4klvr31w9qc9qpypwaxmz6f9xy3339y-uv-0.8.14"
        }
      }
    }
  }
}
