{
  "lockfile_version": "1",
  "packages": {
    "espeak-ng@1.51": {
      "last_modified": "2023-02-24T09:01:09Z",
      "resolved": "github:NixOS/nixpkgs/7d0ed7f2e5aea07ab22ccb338d27fbe347ed2f11#espeak-ng",
      "source": "devbox-search",
      "version": "1.51"
    },
    "github:NixOS/nixpkgs/nixpkgs-unstable": {
      "last_modified": "2025-04-17T05:47:26Z",
      "resolved": "github:NixOS/nixpkgs/ebe4301cbd8f81c4f8d3244b3632338bbeb6d49c?lastModified=1744868846&narHash=sha256-5RJTdUHDmj12Qsv7XOhuospjAjATNiTMElplWnJE9Hs%3D"
    },
    "markdownlint-cli2@0.17.2": {
      "last_modified": "2025-04-03T14:08:01Z",
      "resolved": "github:NixOS/nixpkgs/2bfc080955153be0be56724be6fa5477b4eefabb#markdownlint-cli2",
      "source": "devbox-search",
      "version": "0.17.2",
      "systems": {
        "aarch64-darwin": {
          "outputs": [
            {
              "name": "out",
              "path": "/nix/store/fijbycs2g9r458vc2jdgdjipp59sx5gm-markdownlint-cli2-0.17.2",
              "default": true
            }
          ],
          "store_path": "/nix/store/fijbycs2g9r458vc2jdgdjipp59sx5gm-markdownlint-cli2-0.17.2"
        },
        "aarch64-linux": {
          "outputs": [
            {
              "name": "out",
              "path": "/nix/store/qi1sc21nvr5564cpidmikc9vj4bh12pn-markdownlint-cli2-0.17.2",
              "default": true
            }
          ],
          "store_path": "/nix/store/qi1sc21nvr5564cpidmikc9vj4bh12pn-markdownlint-cli2-0.17.2"
        },
        "x86_64-darwin": {
          "outputs": [
            {
              "name": "out",
              "path": "/nix/store/l9pa44h2zz2r9gj15r6hgvf4rvz9x67b-markdownlint-cli2-0.17.2",
              "default": true
            }
          ],
          "store_path": "/nix/store/l9pa44h2zz2r9gj15r6hgvf4rvz9x67b-markdownlint-cli2-0.17.2"
        },
        "x86_64-linux": {
          "outputs": [
            {
              "name": "out",
              "path": "/nix/store/q18k1wfldz6wlrxdyvc1zvlfcsxgzg62-markdownlint-cli2-0.17.2",
              "default": true
            }
          ],
          "store_path": "/nix/store/q18k1wfldz6wlrxdyvc1zvlfcsxgzg62-markdownlint-cli2-0.17.2"
        }
      }
    },
    "nushell@0.103.0": {
      "last_modified": "2025-03-23T05:31:05Z",
      "resolved": "github:NixOS/nixpkgs/dd613136ee91f67e5dba3f3f41ac99ae89c5406b#nushell",
      "source": "devbox-search",
      "version": "0.103.0",
      "systems": {
        "aarch64-darwin": {
          "outputs": [
            {
              "name": "out",
              "path": "/nix/store/7dcvklmwwvfjzqgak8ziv104lsff0cfv-nushell-0.103.0",
              "default": true
            }
          ],
          "store_path": "/nix/store/7dcvklmwwvfjzqgak8ziv104lsff0cfv-nushell-0.103.0"
        },
        "aarch64-linux": {
          "outputs": [
            {
              "name": "out",
              "path": "/nix/store/5apwqfpy0nkblh6bqvnyg40yhhvvx1y1-nushell-0.103.0",
              "default": true
            }
          ],
          "store_path": "/nix/store/5apwqfpy0nkblh6bqvnyg40yhhvvx1y1-nushell-0.103.0"
        },
        "x86_64-darwin": {
          "outputs": [
            {
              "name": "out",
              "path": "/nix/store/i4w79bzcxqcjv8qjb91s24sa7xwvalq8-nushell-0.103.0",
              "default": true
            }
          ],
          "store_path": "/nix/store/i4w79bzcxqcjv8qjb91s24sa7xwvalq8-nushell-0.103.0"
        },
        "x86_64-linux": {
          "outputs": [
            {
              "name": "out",
              "path": "/nix/store/wp7rmayh32cy2ypr6ya21b7g2dqpcqw2-nushell-0.103.0",
              "default": true
            }
          ],
          "store_path": "/nix/store/wp7rmayh32cy2ypr6ya21b7g2dqpcqw2-nushell-0.103.0"
        }
      }
    },
    "trivy@0.61.0": {
      "last_modified": "2025-04-12T23:59:46Z",
      "resolved": "github:NixOS/nixpkgs/f6db44a8daa59c40ae41ba6e5823ec77fe0d2124#trivy",
      "source": "devbox-search",
      "version": "0.61.0",
      "systems": {
        "aarch64-darwin": {
          "outputs": [
            {
              "name": "out",
              "path": "/nix/store/rwz564pk5yrr0afignkbc39dfh7wnlzn-trivy-0.61.0",
              "default": true
            }
          ],
          "store_path": "/nix/store/rwz564pk5yrr0afignkbc39dfh7wnlzn-trivy-0.61.0"
        },
        "aarch64-linux": {
          "outputs": [
            {
              "name": "out",
              "path": "/nix/store/75i57mf7cf7xhc4x59lc28cri1p1jg72-trivy-0.61.0",
              "default": true
            }
          ],
          "store_path": "/nix/store/75i57mf7cf7xhc4x59lc28cri1p1jg72-trivy-0.61.0"
        },
        "x86_64-darwin": {
          "outputs": [
            {
              "name": "out",
              "path": "/nix/store/z94928ibavpn6vnj1zd6gri2kclqvfak-trivy-0.61.0",
              "default": true
            }
          ],
          "store_path": "/nix/store/z94928ibavpn6vnj1zd6gri2kclqvfak-trivy-0.61.0"
        },
        "x86_64-linux": {
          "outputs": [
            {
              "name": "out",
              "path": "/nix/store/disbh1bpwks8c7y8p08q3swn172gi9nw-trivy-0.61.0",
              "default": true
            }
          ],
          "store_path": "/nix/store/disbh1bpwks8c7y8p08q3swn172gi9nw-trivy-0.61.0"
        }
      }
    },
    "uv@0.7.8": {
      "last_modified": "2025-05-24T21:46:02Z",
      "resolved": "github:NixOS/nixpkgs/edb3633f9100d9277d1c9af245a4e9337a980c07#uv",
      "source": "devbox-search",
      "version": "0.7.8",
      "systems": {
        "aarch64-darwin": {
          "outputs": [
            {
              "name": "out",
              "path": "/nix/store/14fx9ajm7isc8rkr4jgf98pm9y1nmv2v-uv-0.7.8",
              "default": true
            }
          ],
          "store_path": "/nix/store/14fx9ajm7isc8rkr4jgf98pm9y1nmv2v-uv-0.7.8"
        },
        "aarch64-linux": {
          "outputs": [
            {
              "name": "out",
              "path": "/nix/store/qqwziiwldw73d4cj82pc9gi1zc594m89-uv-0.7.8",
              "default": true
            }
          ],
          "store_path": "/nix/store/qqwziiwldw73d4cj82pc9gi1zc594m89-uv-0.7.8"
        },
        "x86_64-darwin": {
          "outputs": [
            {
              "name": "out",
              "path": "/nix/store/1bwfrca14w02rzq8bl72xffn9vsdshnm-uv-0.7.8",
              "default": true
            }
          ],
          "store_path": "/nix/store/1bwfrca14w02rzq8bl72xffn9vsdshnm-uv-0.7.8"
        },
        "x86_64-linux": {
          "outputs": [
            {
              "name": "out",
              "path": "/nix/store/7nmrwl4kz78cjgwykrngkj68sx3ry79i-uv-0.7.8",
              "default": true
            }
          ],
          "store_path": "/nix/store/7nmrwl4kz78cjgwykrngkj68sx3ry79i-uv-0.7.8"
        }
      }
    }
  }
}
